
Microsoft Visual Studio Solution File, Format Version 12.00
# Visual Studio Version 17
VisualStudioVersion = 17.11.35219.272
MinimumVisualStudioVersion = 10.0.40219.1
Project("{9A19103F-16F7-4668-BE54-9A1E7A4F7556}") = "DapperLearn", "DapperLearn\DapperLearn.csproj", "{29995E76-0F44-4BAC-94B1-834430AFD21C}"
EndProject
Project("{FAE04EC0-301F-11D3-BF4B-00C04F79EFBC}") = "DapperLearn.AppHost", "DapperLearn.AppHost\DapperLearn.AppHost.csproj", "{C06BC004-6CCA-411E-951C-7B083A6E9D9A}"
EndProject
Project("{9A19103F-16F7-4668-BE54-9A1E7A4F7556}") = "DapperLearn.ServiceDefaults", "DapperLearn.ServiceDefaults\DapperLearn.ServiceDefaults.csproj", "{D972ACE9-4FB4-4C95-90E0-3D998028B3E1}"
EndProject
Global
	GlobalSection(SolutionConfigurationPlatforms) = preSolution
		Debug|Any CPU = Debug|Any CPU
		Release|Any CPU = Release|Any CPU
	EndGlobalSection
	GlobalSection(ProjectConfigurationPlatforms) = postSolution
		{29995E76-0F44-4BAC-94B1-834430AFD21C}.Debug|Any CPU.ActiveCfg = Debug|Any CPU
		{29995E76-0F44-4BAC-94B1-834430AFD21C}.Debug|Any CPU.Build.0 = Debug|Any CPU
		{29995E76-0F44-4BAC-94B1-834430AFD21C}.Release|Any CPU.ActiveCfg = Release|Any CPU
		{29995E76-0F44-4BAC-94B1-834430AFD21C}.Release|Any CPU.Build.0 = Release|Any CPU
		{C06BC004-6CCA-411E-951C-7B083A6E9D9A}.Debug|Any CPU.ActiveCfg = Debug|Any CPU
		{C06BC004-6CCA-411E-951C-7B083A6E9D9A}.Debug|Any CPU.Build.0 = Debug|Any CPU
		{C06BC004-6CCA-411E-951C-7B083A6E9D9A}.Release|Any CPU.ActiveCfg = Release|Any CPU
		{C06BC004-6CCA-411E-951C-7B083A6E9D9A}.Release|Any CPU.Build.0 = Release|Any CPU
		{D972ACE9-4FB4-4C95-90E0-3D998028B3E1}.Debug|Any CPU.ActiveCfg = Debug|Any CPU
		{D972ACE9-4FB4-4C95-90E0-3D998028B3E1}.Debug|Any CPU.Build.0 = Debug|Any CPU
		{D972ACE9-4FB4-4C95-90E0-3D998028B3E1}.Release|Any CPU.ActiveCfg = Release|Any CPU
		{D972ACE9-4FB4-4C95-90E0-3D998028B3E1}.Release|Any CPU.Build.0 = Release|Any CPU
	EndGlobalSection
	GlobalSection(SolutionProperties) = preSolution
		HideSolutionNode = FALSE
	EndGlobalSection
	GlobalSection(ExtensibilityGlobals) = postSolution
		SolutionGuid = {7B1A5098-0542-4EDB-96AE-750B59A6487D}
	EndGlobalSection
EndGlobal
